
Microsoft Visual Studio Solution File, Format Version 12.00
# Visual Studio Version 17
VisualStudioVersion = 17.14.37012.4 d17.14
MinimumVisualStudioVersion = 10.0.40219.1
Project("{FAE04EC0-301F-11D3-BF4B-00C04F79EFBC}") = "CRUD_Project_DatabaseFisrtAPP", "CRUD_Project_DatabaseFisrtAPP.csproj", "{91F4B887-33FC-4A57-AAF8-A2CFE0E7C5CF}"
EndProject
Global
	GlobalSection(SolutionConfigurationPlatforms) = preSolution
		Debug|Any CPU = Debug|Any CPU
		Release|Any CPU = Release|Any CPU
	EndGlobalSection
	GlobalSection(ProjectConfigurationPlatforms) = postSolution
		{91F4B887-33FC-4A57-AAF8-A2CFE0E7C5CF}.Debug|Any CPU.ActiveCfg = Debug|Any CPU
		{91F4B887-33FC-4A57-AAF8-A2CFE0E7C5CF}.Debug|Any CPU.Build.0 = Debug|Any CPU
		{91F4B887-33FC-4A57-AAF8-A2CFE0E7C5CF}.Release|Any CPU.ActiveCfg = Release|Any CPU
		{91F4B887-33FC-4A57-AAF8-A2CFE0E7C5CF}.Release|Any CPU.Build.0 = Release|Any CPU
	EndGlobalSection
	GlobalSection(SolutionProperties) = preSolution
		HideSolutionNode = FALSE
	EndGlobalSection
	GlobalSection(ExtensibilityGlobals) = postSolution
		SolutionGuid = {2BCBB2CC-F95E-4891-8692-EAB98E829900}
	EndGlobalSection
EndGlobal
